
Microsoft Visual Studio Solution File, Format Version 12.00
# Visual Studio 2013
VisualStudioVersion = 12.0.21005.1
MinimumVisualStudioVersion = 10.0.40219.1
Project("{FAE04EC0-301F-11D3-BF4B-00C04F79EFBC}") = "TeduShop.Common", "TeduShop.Common\TeduShop.Common.csproj", "{AE083D17-BA2E-426D-A7F2-5A2578446030}"
EndProject
Project("{FAE04EC0-301F-11D3-BF4B-00C04F79EFBC}") = "TeduShop.Model", "TeduShop.Model\TeduShop.Model.csproj", "{DE7B3E4E-C59B-485B-B015-081652AB3BCE}"
EndProject
Project("{FAE04EC0-301F-11D3-BF4B-00C04F79EFBC}") = "TeduShop.Data", "TeduShop.Data\TeduShop.Data.csproj", "{5AD1F440-D8C5-4E58-BA31-A1A1FC2B666E}"
EndProject
Project("{FAE04EC0-301F-11D3-BF4B-00C04F79EFBC}") = "TeduShop.Service", "TeduShop.Service\TeduShop.Service.csproj", "{00B8A1DC-0C35-43E2-941B-0A82E92EC388}"
EndProject
Project("{FAE04EC0-301F-11D3-BF4B-00C04F79EFBC}") = "TeduShop.UnitTest", "TeduShop.UnitTest\TeduShop.UnitTest.csproj", "{60105AB2-0F84-4ED8-B1A3-1872212EFA3C}"
EndProject
Project("{FAE04EC0-301F-11D3-BF4B-00C04F79EFBC}") = "TeduShop.Web", "TeduShop.Web\TeduShop.Web.csproj", "{66297177-0A03-44CD-87A8-8770A73B341A}"
EndProject
Global
	GlobalSection(SolutionConfigurationPlatforms) = preSolution
		Debug|Any CPU = Debug|Any CPU
		Release|Any CPU = Release|Any CPU
	EndGlobalSection
	GlobalSection(ProjectConfigurationPlatforms) = postSolution
		{AE083D17-BA2E-426D-A7F2-5A2578446030}.Debug|Any CPU.ActiveCfg = Debug|Any CPU
		{AE083D17-BA2E-426D-A7F2-5A2578446030}.Debug|Any CPU.Build.0 = Debug|Any CPU
		{AE083D17-BA2E-426D-A7F2-5A2578446030}.Release|Any CPU.ActiveCfg = Release|Any CPU
		{AE083D17-BA2E-426D-A7F2-5A2578446030}.Release|Any CPU.Build.0 = Release|Any CPU
		{DE7B3E4E-C59B-485B-B015-081652AB3BCE}.Debug|Any CPU.ActiveCfg = Debug|Any CPU
		{DE7B3E4E-C59B-485B-B015-081652AB3BCE}.Debug|Any CPU.Build.0 = Debug|Any CPU
		{DE7B3E4E-C59B-485B-B015-081652AB3BCE}.Release|Any CPU.ActiveCfg = Release|Any CPU
		{DE7B3E4E-C59B-485B-B015-081652AB3BCE}.Release|Any CPU.Build.0 = Release|Any CPU
		{5AD1F440-D8C5-4E58-BA31-A1A1FC2B666E}.Debug|Any CPU.ActiveCfg = Debug|Any CPU
		{5AD1F440-D8C5-4E58-BA31-A1A1FC2B666E}.Debug|Any CPU.Build.0 = Debug|Any CPU
		{5AD1F440-D8C5-4E58-BA31-A1A1FC2B666E}.Release|Any CPU.ActiveCfg = Release|Any CPU
		{5AD1F440-D8C5-4E58-BA31-A1A1FC2B666E}.Release|Any CPU.Build.0 = Release|Any CPU
		{00B8A1DC-0C35-43E2-941B-0A82E92EC388}.Debug|Any CPU.ActiveCfg = Debug|Any CPU
		{00B8A1DC-0C35-43E2-941B-0A82E92EC388}.Debug|Any CPU.Build.0 = Debug|Any CPU
		{00B8A1DC-0C35-43E2-941B-0A82E92EC388}.Release|Any CPU.ActiveCfg = Release|Any CPU
		{00B8A1DC-0C35-43E2-941B-0A82E92EC388}.Release|Any CPU.Build.0 = Release|Any CPU
		{60105AB2-0F84-4ED8-B1A3-1872212EFA3C}.Debug|Any CPU.ActiveCfg = Debug|Any CPU
		{60105AB2-0F84-4ED8-B1A3-1872212EFA3C}.Debug|Any CPU.Build.0 = Debug|Any CPU
		{60105AB2-0F84-4ED8-B1A3-1872212EFA3C}.Release|Any CPU.ActiveCfg = Release|Any CPU
		{60105AB2-0F84-4ED8-B1A3-1872212EFA3C}.Release|Any CPU.Build.0 = Release|Any CPU
		{66297177-0A03-44CD-87A8-8770A73B341A}.Debug|Any CPU.ActiveCfg = Debug|Any CPU
		{66297177-0A03-44CD-87A8-8770A73B341A}.Debug|Any CPU.Build.0 = Debug|Any CPU
		{66297177-0A03-44CD-87A8-8770A73B341A}.Release|Any CPU.ActiveCfg = Release|Any CPU
		{66297177-0A03-44CD-87A8-8770A73B341A}.Release|Any CPU.Build.0 = Release|Any CPU
	EndGlobalSection
	GlobalSection(SolutionProperties) = preSolution
		HideSolutionNode = FALSE
	EndGlobalSection
EndGlobal
